
Microsoft Visual Studio Solution File, Format Version 12.00
# Visual Studio Version 16
VisualStudioVersion = 25.0.1706.10
MinimumVisualStudioVersion = 10.0.40219.1
Project("{FAE04EC0-301F-11D3-BF4B-00C04F79EFBC}") = "2404-C-Projet1-Application_console", "2404-C-Projet1-Application_console.csproj", "{5F735BE5-8091-4ACD-9CF6-D3705D9E7346}"
EndProject
Global
	GlobalSection(SolutionConfigurationPlatforms) = preSolution
		Debug|Any CPU = Debug|Any CPU
		Release|Any CPU = Release|Any CPU
	EndGlobalSection
	GlobalSection(ProjectConfigurationPlatforms) = postSolution
		{5F735BE5-8091-4ACD-9CF6-D3705D9E7346}.Debug|Any CPU.ActiveCfg = Debug|Any CPU
		{5F735BE5-8091-4ACD-9CF6-D3705D9E7346}.Debug|Any CPU.Build.0 = Debug|Any CPU
		{5F735BE5-8091-4ACD-9CF6-D3705D9E7346}.Release|Any CPU.ActiveCfg = Release|Any CPU
		{5F735BE5-8091-4ACD-9CF6-D3705D9E7346}.Release|Any CPU.Build.0 = Release|Any CPU
	EndGlobalSection
	GlobalSection(SolutionProperties) = preSolution
		HideSolutionNode = FALSE
	EndGlobalSection
	GlobalSection(ExtensibilityGlobals) = postSolution
		SolutionGuid = {36A5286C-4910-4274-917E-FC9FCF6CA6CC}
	EndGlobalSection
EndGlobal
